# Main requirements
Jinja2==2.9.6
mkdocs==0.16.3
Pygments==2.2.0
pygments-github-lexers==0.0.5
mkdocs-material==1.7.3
## The following requirements were added by pip freeze:
backports-abc==0.5
certifi==2017.4.17
click==6.7
livereload==2.5.1
Markdown==2.6.8
MarkupSafe==1.0
pymdown-extensions==3.4
PyYAML==3.12
singledispatch==3.4.0.3
six==1.10.0
tornado==4.5.1
